
Microsoft Visual Studio Solution File, Format Version 12.00
# Visual Studio 14
VisualStudioVersion = 14.0.25420.1
MinimumVisualStudioVersion = 10.0.40219.1
Project("{FAE04EC0-301F-11D3-BF4B-00C04F79EFBC}") = "exDI", "exDI\exDI.csproj", "{8C0AE92F-AAA5-4A47-9E42-14892FC419D5}"
EndProject
Project("{FAE04EC0-301F-11D3-BF4B-00C04F79EFBC}") = "ex01", "ex01\ex01.csproj", "{811A24C7-461D-4D67-91F7-2BD92A3FBD10}"
EndProject
Project("{FAE04EC0-301F-11D3-BF4B-00C04F79EFBC}") = "Ch02", "Ch02\Ch02.csproj", "{676C148C-C3FF-41D8-A5D3-4FEE8FB81970}"
EndProject
Project("{FAE04EC0-301F-11D3-BF4B-00C04F79EFBC}") = "Ch03.Common", "Ch03.Common\Ch03.Common.csproj", "{070155F2-918E-4CE5-96D0-F00EF8415F0D}"
EndProject
Project("{FAE04EC0-301F-11D3-BF4B-00C04F79EFBC}") = "Ch03.MyDIContainerV1", "Ch03.Decorator\Ch03.MyDIContainerV1.csproj", "{AA5962E4-5DC2-4C40-9ED5-67E836E283EF}"
EndProject
Project("{FAE04EC0-301F-11D3-BF4B-00C04F79EFBC}") = "Ch03.MyDIContainerV2", "Ch03.MyDIContainerV2\Ch03.MyDIContainerV2.csproj", "{0ED2E629-5FF4-420A-90EE-F21313578DD8}"
EndProject
Project("{FAE04EC0-301F-11D3-BF4B-00C04F79EFBC}") = "Ch03.TestObjectLifeTime", "Ch03.TestObjectLifeTime\Ch03.TestObjectLifeTime.csproj", "{11BF11E9-4464-42F3-A08A-98FA890E8562}"
EndProject
Project("{FAE04EC0-301F-11D3-BF4B-00C04F79EFBC}") = "Ch03.UnityInterception", "Ch03.UnityInterception\Ch03.UnityInterception.csproj", "{3DBCB3F4-37A4-4728-8D4A-F0F2820EA537}"
EndProject
Project("{2150E333-8FDC-42A3-9474-1A3956D46DE8}") = "Ch04", "Ch04", "{A94CD1AF-0FD1-4ABA-92BF-CCA39055FE23}"
EndProject
Project("{2150E333-8FDC-42A3-9474-1A3956D46DE8}") = "LayeredMvcDemo_V2_Decoupled", "LayeredMvcDemo_V2_Decoupled", "{A875734D-E889-4EC5-B36E-2084977ED5C5}"
EndProject
Project("{FAE04EC0-301F-11D3-BF4B-00C04F79EFBC}") = "MvcDemoV2", "MvcDemoV2\MvcDemoV2.csproj", "{8D2AFDE1-5DB9-4F5F-A908-824564DBC388}"
EndProject
Project("{FAE04EC0-301F-11D3-BF4B-00C04F79EFBC}") = "Domain", "Domain\Domain.csproj", "{DBFFC561-389D-4B09-9F8D-9B329B6DD10E}"
EndProject
Project("{FAE04EC0-301F-11D3-BF4B-00C04F79EFBC}") = "DataAccess", "DataAccess\DataAccess.csproj", "{A79A7E63-5375-4C96-B83A-FA744BE59356}"
EndProject
Project("{FAE04EC0-301F-11D3-BF4B-00C04F79EFBC}") = "Application", "Application\Application.csproj", "{033E14D6-AD13-46D4-AEC6-9E08BDBA1A88}"
EndProject
Project("{2150E333-8FDC-42A3-9474-1A3956D46DE8}") = "Ch01", "Ch01", "{AA3FCCAD-BCB8-4572-B3EF-5F92D2FD85D2}"
EndProject
Project("{2150E333-8FDC-42A3-9474-1A3956D46DE8}") = "CH03", "CH03", "{22540AD1-01D1-4E8E-8DA8-C7CBCF427D47}"
EndProject
Project("{2150E333-8FDC-42A3-9474-1A3956D46DE8}") = "LayeredMvcDemo_V3_NoRepo", "LayeredMvcDemo_V3_NoRepo", "{EEAD88D2-A0ED-425C-BFBE-1AE79CB987CA}"
EndProject
Project("{FAE04EC0-301F-11D3-BF4B-00C04F79EFBC}") = "MvcDemoV3", "MvcDemoV3\MvcDemoV3.csproj", "{674469CF-B4B6-4D1E-9CDA-037C9AA4EAEF}"
EndProject
Project("{FAE04EC0-301F-11D3-BF4B-00C04F79EFBC}") = "MvcDemo3.Domain", "MvcDemo3.Domain\MvcDemo3.Domain.csproj", "{30093C37-8447-4389-BAE8-C4C608B2C178}"
EndProject
Project("{FAE04EC0-301F-11D3-BF4B-00C04F79EFBC}") = "MvcDemo3.Application", "MvcDemo3.Application\MvcDemo3.Application.csproj", "{61806EFB-B208-4C25-A67D-37A07BA00C2E}"
EndProject
Global
	GlobalSection(SolutionConfigurationPlatforms) = preSolution
		Debug|Any CPU = Debug|Any CPU
		Release|Any CPU = Release|Any CPU
	EndGlobalSection
	GlobalSection(ProjectConfigurationPlatforms) = postSolution
		{8C0AE92F-AAA5-4A47-9E42-14892FC419D5}.Debug|Any CPU.ActiveCfg = Debug|Any CPU
		{8C0AE92F-AAA5-4A47-9E42-14892FC419D5}.Debug|Any CPU.Build.0 = Debug|Any CPU
		{8C0AE92F-AAA5-4A47-9E42-14892FC419D5}.Release|Any CPU.ActiveCfg = Release|Any CPU
		{8C0AE92F-AAA5-4A47-9E42-14892FC419D5}.Release|Any CPU.Build.0 = Release|Any CPU
		{811A24C7-461D-4D67-91F7-2BD92A3FBD10}.Debug|Any CPU.ActiveCfg = Debug|Any CPU
		{811A24C7-461D-4D67-91F7-2BD92A3FBD10}.Debug|Any CPU.Build.0 = Debug|Any CPU
		{811A24C7-461D-4D67-91F7-2BD92A3FBD10}.Release|Any CPU.ActiveCfg = Release|Any CPU
		{811A24C7-461D-4D67-91F7-2BD92A3FBD10}.Release|Any CPU.Build.0 = Release|Any CPU
		{676C148C-C3FF-41D8-A5D3-4FEE8FB81970}.Debug|Any CPU.ActiveCfg = Debug|Any CPU
		{676C148C-C3FF-41D8-A5D3-4FEE8FB81970}.Debug|Any CPU.Build.0 = Debug|Any CPU
		{676C148C-C3FF-41D8-A5D3-4FEE8FB81970}.Release|Any CPU.ActiveCfg = Release|Any CPU
		{676C148C-C3FF-41D8-A5D3-4FEE8FB81970}.Release|Any CPU.Build.0 = Release|Any CPU
		{070155F2-918E-4CE5-96D0-F00EF8415F0D}.Debug|Any CPU.ActiveCfg = Debug|Any CPU
		{070155F2-918E-4CE5-96D0-F00EF8415F0D}.Debug|Any CPU.Build.0 = Debug|Any CPU
		{070155F2-918E-4CE5-96D0-F00EF8415F0D}.Release|Any CPU.ActiveCfg = Release|Any CPU
		{070155F2-918E-4CE5-96D0-F00EF8415F0D}.Release|Any CPU.Build.0 = Release|Any CPU
		{AA5962E4-5DC2-4C40-9ED5-67E836E283EF}.Debug|Any CPU.ActiveCfg = Debug|Any CPU
		{AA5962E4-5DC2-4C40-9ED5-67E836E283EF}.Debug|Any CPU.Build.0 = Debug|Any CPU
		{AA5962E4-5DC2-4C40-9ED5-67E836E283EF}.Release|Any CPU.ActiveCfg = Release|Any CPU
		{AA5962E4-5DC2-4C40-9ED5-67E836E283EF}.Release|Any CPU.Build.0 = Release|Any CPU
		{0ED2E629-5FF4-420A-90EE-F21313578DD8}.Debug|Any CPU.ActiveCfg = Debug|Any CPU
		{0ED2E629-5FF4-420A-90EE-F21313578DD8}.Debug|Any CPU.Build.0 = Debug|Any CPU
		{0ED2E629-5FF4-420A-90EE-F21313578DD8}.Release|Any CPU.ActiveCfg = Release|Any CPU
		{0ED2E629-5FF4-420A-90EE-F21313578DD8}.Release|Any CPU.Build.0 = Release|Any CPU
		{11BF11E9-4464-42F3-A08A-98FA890E8562}.Debug|Any CPU.ActiveCfg = Debug|Any CPU
		{11BF11E9-4464-42F3-A08A-98FA890E8562}.Debug|Any CPU.Build.0 = Debug|Any CPU
		{11BF11E9-4464-42F3-A08A-98FA890E8562}.Release|Any CPU.ActiveCfg = Release|Any CPU
		{11BF11E9-4464-42F3-A08A-98FA890E8562}.Release|Any CPU.Build.0 = Release|Any CPU
		{3DBCB3F4-37A4-4728-8D4A-F0F2820EA537}.Debug|Any CPU.ActiveCfg = Debug|Any CPU
		{3DBCB3F4-37A4-4728-8D4A-F0F2820EA537}.Debug|Any CPU.Build.0 = Debug|Any CPU
		{3DBCB3F4-37A4-4728-8D4A-F0F2820EA537}.Release|Any CPU.ActiveCfg = Release|Any CPU
		{3DBCB3F4-37A4-4728-8D4A-F0F2820EA537}.Release|Any CPU.Build.0 = Release|Any CPU
		{8D2AFDE1-5DB9-4F5F-A908-824564DBC388}.Debug|Any CPU.ActiveCfg = Debug|Any CPU
		{8D2AFDE1-5DB9-4F5F-A908-824564DBC388}.Debug|Any CPU.Build.0 = Debug|Any CPU
		{8D2AFDE1-5DB9-4F5F-A908-824564DBC388}.Release|Any CPU.ActiveCfg = Release|Any CPU
		{8D2AFDE1-5DB9-4F5F-A908-824564DBC388}.Release|Any CPU.Build.0 = Release|Any CPU
		{DBFFC561-389D-4B09-9F8D-9B329B6DD10E}.Debug|Any CPU.ActiveCfg = Debug|Any CPU
		{DBFFC561-389D-4B09-9F8D-9B329B6DD10E}.Debug|Any CPU.Build.0 = Debug|Any CPU
		{DBFFC561-389D-4B09-9F8D-9B329B6DD10E}.Release|Any CPU.ActiveCfg = Release|Any CPU
		{DBFFC561-389D-4B09-9F8D-9B329B6DD10E}.Release|Any CPU.Build.0 = Release|Any CPU
		{A79A7E63-5375-4C96-B83A-FA744BE59356}.Debug|Any CPU.ActiveCfg = Debug|Any CPU
		{A79A7E63-5375-4C96-B83A-FA744BE59356}.Debug|Any CPU.Build.0 = Debug|Any CPU
		{A79A7E63-5375-4C96-B83A-FA744BE59356}.Release|Any CPU.ActiveCfg = Release|Any CPU
		{A79A7E63-5375-4C96-B83A-FA744BE59356}.Release|Any CPU.Build.0 = Release|Any CPU
		{033E14D6-AD13-46D4-AEC6-9E08BDBA1A88}.Debug|Any CPU.ActiveCfg = Debug|Any CPU
		{033E14D6-AD13-46D4-AEC6-9E08BDBA1A88}.Debug|Any CPU.Build.0 = Debug|Any CPU
		{033E14D6-AD13-46D4-AEC6-9E08BDBA1A88}.Release|Any CPU.ActiveCfg = Release|Any CPU
		{033E14D6-AD13-46D4-AEC6-9E08BDBA1A88}.Release|Any CPU.Build.0 = Release|Any CPU
		{674469CF-B4B6-4D1E-9CDA-037C9AA4EAEF}.Debug|Any CPU.ActiveCfg = Debug|Any CPU
		{674469CF-B4B6-4D1E-9CDA-037C9AA4EAEF}.Debug|Any CPU.Build.0 = Debug|Any CPU
		{674469CF-B4B6-4D1E-9CDA-037C9AA4EAEF}.Release|Any CPU.ActiveCfg = Release|Any CPU
		{674469CF-B4B6-4D1E-9CDA-037C9AA4EAEF}.Release|Any CPU.Build.0 = Release|Any CPU
		{30093C37-8447-4389-BAE8-C4C608B2C178}.Debug|Any CPU.ActiveCfg = Debug|Any CPU
		{30093C37-8447-4389-BAE8-C4C608B2C178}.Debug|Any CPU.Build.0 = Debug|Any CPU
		{30093C37-8447-4389-BAE8-C4C608B2C178}.Release|Any CPU.ActiveCfg = Release|Any CPU
		{30093C37-8447-4389-BAE8-C4C608B2C178}.Release|Any CPU.Build.0 = Release|Any CPU
		{61806EFB-B208-4C25-A67D-37A07BA00C2E}.Debug|Any CPU.ActiveCfg = Debug|Any CPU
		{61806EFB-B208-4C25-A67D-37A07BA00C2E}.Debug|Any CPU.Build.0 = Debug|Any CPU
		{61806EFB-B208-4C25-A67D-37A07BA00C2E}.Release|Any CPU.ActiveCfg = Release|Any CPU
		{61806EFB-B208-4C25-A67D-37A07BA00C2E}.Release|Any CPU.Build.0 = Release|Any CPU
	EndGlobalSection
	GlobalSection(SolutionProperties) = preSolution
		HideSolutionNode = FALSE
	EndGlobalSection
	GlobalSection(NestedProjects) = preSolution
		{811A24C7-461D-4D67-91F7-2BD92A3FBD10} = {AA3FCCAD-BCB8-4572-B3EF-5F92D2FD85D2}
		{070155F2-918E-4CE5-96D0-F00EF8415F0D} = {22540AD1-01D1-4E8E-8DA8-C7CBCF427D47}
		{AA5962E4-5DC2-4C40-9ED5-67E836E283EF} = {22540AD1-01D1-4E8E-8DA8-C7CBCF427D47}
		{0ED2E629-5FF4-420A-90EE-F21313578DD8} = {22540AD1-01D1-4E8E-8DA8-C7CBCF427D47}
		{11BF11E9-4464-42F3-A08A-98FA890E8562} = {22540AD1-01D1-4E8E-8DA8-C7CBCF427D47}
		{3DBCB3F4-37A4-4728-8D4A-F0F2820EA537} = {22540AD1-01D1-4E8E-8DA8-C7CBCF427D47}
		{A875734D-E889-4EC5-B36E-2084977ED5C5} = {A94CD1AF-0FD1-4ABA-92BF-CCA39055FE23}
		{8D2AFDE1-5DB9-4F5F-A908-824564DBC388} = {A875734D-E889-4EC5-B36E-2084977ED5C5}
		{DBFFC561-389D-4B09-9F8D-9B329B6DD10E} = {A875734D-E889-4EC5-B36E-2084977ED5C5}
		{A79A7E63-5375-4C96-B83A-FA744BE59356} = {A875734D-E889-4EC5-B36E-2084977ED5C5}
		{033E14D6-AD13-46D4-AEC6-9E08BDBA1A88} = {A875734D-E889-4EC5-B36E-2084977ED5C5}
		{EEAD88D2-A0ED-425C-BFBE-1AE79CB987CA} = {A94CD1AF-0FD1-4ABA-92BF-CCA39055FE23}
		{674469CF-B4B6-4D1E-9CDA-037C9AA4EAEF} = {EEAD88D2-A0ED-425C-BFBE-1AE79CB987CA}
		{30093C37-8447-4389-BAE8-C4C608B2C178} = {EEAD88D2-A0ED-425C-BFBE-1AE79CB987CA}
		{61806EFB-B208-4C25-A67D-37A07BA00C2E} = {EEAD88D2-A0ED-425C-BFBE-1AE79CB987CA}
	EndGlobalSection
EndGlobal
